
Microsoft Visual Studio Solution File, Format Version 12.00
# Visual Studio Version 17
VisualStudioVersion = 17.11.35222.181
MinimumVisualStudioVersion = 10.0.40219.1
Project("{9A19103F-16F7-4668-BE54-9A1E7A4F7556}") = "FarenheitToCelcius", "FarenheitToCelcius\FarenheitToCelcius.csproj", "{E4D6421E-A69C-450F-AB71-B6A6361529A1}"
EndProject
Project("{9A19103F-16F7-4668-BE54-9A1E7A4F7556}") = "EvenOrNot", "EvenOrNot\EvenOrNot.csproj", "{365B8074-91D3-49E0-A842-688123C2C804}"
EndProject
Project("{9A19103F-16F7-4668-BE54-9A1E7A4F7556}") = "PalindromeOrNot", "PalindromeOrNot\PalindromeOrNot.csproj", "{E822F421-AD0A-4C63-9B87-CA86B8F337BF}"
EndProject
Project("{9A19103F-16F7-4668-BE54-9A1E7A4F7556}") = "Cities", "Cities\Cities.csproj", "{0E126481-DE80-4AF9-A9BD-5C03B483C766}"
EndProject
Project("{9A19103F-16F7-4668-BE54-9A1E7A4F7556}") = "RussianRoullete", "RussianRoullete\RussianRoullete.csproj", "{58629636-FB8D-4249-9A3C-B984D15533D9}"
EndProject
Project("{9A19103F-16F7-4668-BE54-9A1E7A4F7556}") = "Task_6", "Task_6\Task_6.csproj", "{BE8299FF-A819-4B15-AF0F-C5FF84DC0716}"
EndProject
Project("{9A19103F-16F7-4668-BE54-9A1E7A4F7556}") = "Task_7", "Task_7\Task_7.csproj", "{10ACE678-1F18-4644-BB65-C034529B9058}"
EndProject
Project("{9A19103F-16F7-4668-BE54-9A1E7A4F7556}") = "Task_8", "Task_8\Task_8.csproj", "{DA8E397E-D5A6-4634-BE9D-ADCE09381793}"
EndProject
Project("{9A19103F-16F7-4668-BE54-9A1E7A4F7556}") = "Task_9", "Task_9\Task_9.csproj", "{CE7B2F0A-CE14-444C-A8F4-310D3E65CBFA}"
EndProject
Project("{9A19103F-16F7-4668-BE54-9A1E7A4F7556}") = "Task_10", "Task_10\Task_10.csproj", "{F4C7AD46-DC86-4A11-A7B9-62F4AA6A1155}"
EndProject
Project("{FAE04EC0-301F-11D3-BF4B-00C04F79EFBC}") = "Task_11", "Task_11\Task_11.csproj", "{94C115A9-BE98-4C82-8AA8-28F6DEBA3C6B}"
EndProject
Project("{FAE04EC0-301F-11D3-BF4B-00C04F79EFBC}") = "Task_12", "Task_12\Task_12.csproj", "{EA3382AE-DDEA-4D0B-86C2-BF3D8E6EF296}"
EndProject
Project("{FAE04EC0-301F-11D3-BF4B-00C04F79EFBC}") = "Task_13", "Task_13\Task_13.csproj", "{E86BEB7A-0469-4318-B28A-EDFC00CACB99}"
EndProject
Project("{FAE04EC0-301F-11D3-BF4B-00C04F79EFBC}") = "Task_14", "Task_14\Task_14.csproj", "{FF76F61D-AC3E-4329-94E9-2E8DA9A9A5CD}"
EndProject
Global
	GlobalSection(SolutionConfigurationPlatforms) = preSolution
		Debug|Any CPU = Debug|Any CPU
		Release|Any CPU = Release|Any CPU
	EndGlobalSection
	GlobalSection(ProjectConfigurationPlatforms) = postSolution
		{E4D6421E-A69C-450F-AB71-B6A6361529A1}.Debug|Any CPU.ActiveCfg = Debug|Any CPU
		{E4D6421E-A69C-450F-AB71-B6A6361529A1}.Debug|Any CPU.Build.0 = Debug|Any CPU
		{E4D6421E-A69C-450F-AB71-B6A6361529A1}.Release|Any CPU.ActiveCfg = Release|Any CPU
		{E4D6421E-A69C-450F-AB71-B6A6361529A1}.Release|Any CPU.Build.0 = Release|Any CPU
		{365B8074-91D3-49E0-A842-688123C2C804}.Debug|Any CPU.ActiveCfg = Debug|Any CPU
		{365B8074-91D3-49E0-A842-688123C2C804}.Debug|Any CPU.Build.0 = Debug|Any CPU
		{365B8074-91D3-49E0-A842-688123C2C804}.Release|Any CPU.ActiveCfg = Release|Any CPU
		{365B8074-91D3-49E0-A842-688123C2C804}.Release|Any CPU.Build.0 = Release|Any CPU
		{E822F421-AD0A-4C63-9B87-CA86B8F337BF}.Debug|Any CPU.ActiveCfg = Debug|Any CPU
		{E822F421-AD0A-4C63-9B87-CA86B8F337BF}.Debug|Any CPU.Build.0 = Debug|Any CPU
		{E822F421-AD0A-4C63-9B87-CA86B8F337BF}.Release|Any CPU.ActiveCfg = Release|Any CPU
		{E822F421-AD0A-4C63-9B87-CA86B8F337BF}.Release|Any CPU.Build.0 = Release|Any CPU
		{0E126481-DE80-4AF9-A9BD-5C03B483C766}.Debug|Any CPU.ActiveCfg = Debug|Any CPU
		{0E126481-DE80-4AF9-A9BD-5C03B483C766}.Debug|Any CPU.Build.0 = Debug|Any CPU
		{0E126481-DE80-4AF9-A9BD-5C03B483C766}.Release|Any CPU.ActiveCfg = Release|Any CPU
		{0E126481-DE80-4AF9-A9BD-5C03B483C766}.Release|Any CPU.Build.0 = Release|Any CPU
		{58629636-FB8D-4249-9A3C-B984D15533D9}.Debug|Any CPU.ActiveCfg = Debug|Any CPU
		{58629636-FB8D-4249-9A3C-B984D15533D9}.Debug|Any CPU.Build.0 = Debug|Any CPU
		{58629636-FB8D-4249-9A3C-B984D15533D9}.Release|Any CPU.ActiveCfg = Release|Any CPU
		{58629636-FB8D-4249-9A3C-B984D15533D9}.Release|Any CPU.Build.0 = Release|Any CPU
		{BE8299FF-A819-4B15-AF0F-C5FF84DC0716}.Debug|Any CPU.ActiveCfg = Debug|Any CPU
		{BE8299FF-A819-4B15-AF0F-C5FF84DC0716}.Debug|Any CPU.Build.0 = Debug|Any CPU
		{BE8299FF-A819-4B15-AF0F-C5FF84DC0716}.Release|Any CPU.ActiveCfg = Release|Any CPU
		{BE8299FF-A819-4B15-AF0F-C5FF84DC0716}.Release|Any CPU.Build.0 = Release|Any CPU
		{10ACE678-1F18-4644-BB65-C034529B9058}.Debug|Any CPU.ActiveCfg = Debug|Any CPU
		{10ACE678-1F18-4644-BB65-C034529B9058}.Debug|Any CPU.Build.0 = Debug|Any CPU
		{10ACE678-1F18-4644-BB65-C034529B9058}.Release|Any CPU.ActiveCfg = Release|Any CPU
		{10ACE678-1F18-4644-BB65-C034529B9058}.Release|Any CPU.Build.0 = Release|Any CPU
		{DA8E397E-D5A6-4634-BE9D-ADCE09381793}.Debug|Any CPU.ActiveCfg = Debug|Any CPU
		{DA8E397E-D5A6-4634-BE9D-ADCE09381793}.Debug|Any CPU.Build.0 = Debug|Any CPU
		{DA8E397E-D5A6-4634-BE9D-ADCE09381793}.Release|Any CPU.ActiveCfg = Release|Any CPU
		{DA8E397E-D5A6-4634-BE9D-ADCE09381793}.Release|Any CPU.Build.0 = Release|Any CPU
		{CE7B2F0A-CE14-444C-A8F4-310D3E65CBFA}.Debug|Any CPU.ActiveCfg = Debug|Any CPU
		{CE7B2F0A-CE14-444C-A8F4-310D3E65CBFA}.Debug|Any CPU.Build.0 = Debug|Any CPU
		{CE7B2F0A-CE14-444C-A8F4-310D3E65CBFA}.Release|Any CPU.ActiveCfg = Release|Any CPU
		{CE7B2F0A-CE14-444C-A8F4-310D3E65CBFA}.Release|Any CPU.Build.0 = Release|Any CPU
		{F4C7AD46-DC86-4A11-A7B9-62F4AA6A1155}.Debug|Any CPU.ActiveCfg = Debug|Any CPU
		{F4C7AD46-DC86-4A11-A7B9-62F4AA6A1155}.Debug|Any CPU.Build.0 = Debug|Any CPU
		{F4C7AD46-DC86-4A11-A7B9-62F4AA6A1155}.Release|Any CPU.ActiveCfg = Release|Any CPU
		{F4C7AD46-DC86-4A11-A7B9-62F4AA6A1155}.Release|Any CPU.Build.0 = Release|Any CPU
		{94C115A9-BE98-4C82-8AA8-28F6DEBA3C6B}.Debug|Any CPU.ActiveCfg = Debug|Any CPU
		{94C115A9-BE98-4C82-8AA8-28F6DEBA3C6B}.Debug|Any CPU.Build.0 = Debug|Any CPU
		{94C115A9-BE98-4C82-8AA8-28F6DEBA3C6B}.Release|Any CPU.ActiveCfg = Release|Any CPU
		{94C115A9-BE98-4C82-8AA8-28F6DEBA3C6B}.Release|Any CPU.Build.0 = Release|Any CPU
		{EA3382AE-DDEA-4D0B-86C2-BF3D8E6EF296}.Debug|Any CPU.ActiveCfg = Debug|Any CPU
		{EA3382AE-DDEA-4D0B-86C2-BF3D8E6EF296}.Debug|Any CPU.Build.0 = Debug|Any CPU
		{EA3382AE-DDEA-4D0B-86C2-BF3D8E6EF296}.Release|Any CPU.ActiveCfg = Release|Any CPU
		{EA3382AE-DDEA-4D0B-86C2-BF3D8E6EF296}.Release|Any CPU.Build.0 = Release|Any CPU
		{E86BEB7A-0469-4318-B28A-EDFC00CACB99}.Debug|Any CPU.ActiveCfg = Debug|Any CPU
		{E86BEB7A-0469-4318-B28A-EDFC00CACB99}.Debug|Any CPU.Build.0 = Debug|Any CPU
		{E86BEB7A-0469-4318-B28A-EDFC00CACB99}.Release|Any CPU.ActiveCfg = Release|Any CPU
		{E86BEB7A-0469-4318-B28A-EDFC00CACB99}.Release|Any CPU.Build.0 = Release|Any CPU
		{FF76F61D-AC3E-4329-94E9-2E8DA9A9A5CD}.Debug|Any CPU.ActiveCfg = Debug|Any CPU
		{FF76F61D-AC3E-4329-94E9-2E8DA9A9A5CD}.Debug|Any CPU.Build.0 = Debug|Any CPU
		{FF76F61D-AC3E-4329-94E9-2E8DA9A9A5CD}.Release|Any CPU.ActiveCfg = Release|Any CPU
		{FF76F61D-AC3E-4329-94E9-2E8DA9A9A5CD}.Release|Any CPU.Build.0 = Release|Any CPU
	EndGlobalSection
	GlobalSection(SolutionProperties) = preSolution
		HideSolutionNode = FALSE
	EndGlobalSection
	GlobalSection(ExtensibilityGlobals) = postSolution
		SolutionGuid = {A0C496A8-2AA8-41E6-99A1-2AD226BFEC84}
	EndGlobalSection
EndGlobal
